// !$*UTF8*$!
{
	archiveVersion = 1;
	classes = {
	};
	objectVersion = 46;
	objects = {

/* Begin PBXBuildFile section */
		AD88EE241A13FE0600C2F685 /* AppDelegate.swift in Sources */ = {isa = PBXBuildFile; fileRef = AD88EE231A13FE0600C2F685 /* AppDelegate.swift */; };
		AD88EE2B1A13FE0700C2F685 /* Images.xcassets in Resources */ = {isa = PBXBuildFile; fileRef = AD88EE2A1A13FE0700C2F685 /* Images.xcassets */; };
		AD88EE4A1A13FE6200C2F685 /* ViewController.swift in Sources */ = {isa = PBXBuildFile; fileRef = AD88EE441A13FE6200C2F685 /* ViewController.swift */; };
		AD88EE4B1A13FE6200C2F685 /* LaunchScreen.xib in Resources */ = {isa = PBXBuildFile; fileRef = AD88EE461A13FE6200C2F685 /* LaunchScreen.xib */; };
		AD88EE4C1A13FE6200C2F685 /* Main.storyboard in Resources */ = {isa = PBXBuildFile; fileRef = AD88EE481A13FE6200C2F685 /* Main.storyboard */; };
		AD88EE4F1A14003400C2F685 /* BaseViewController.swift in Sources */ = {isa = PBXBuildFile; fileRef = AD88EE4E1A14003400C2F685 /* BaseViewController.swift */; };
		AD88EE531A1400A500C2F685 /* BaseNavigationController.swift in Sources */ = {isa = PBXBuildFile; fileRef = AD88EE521A1400A500C2F685 /* BaseNavigationController.swift */; };
		AD88EE581A14011700C2F685 /* UIDevice+Orientation.m in Sources */ = {isa = PBXBuildFile; fileRef = AD88EE571A14011700C2F685 /* UIDevice+Orientation.m */; };
		AD88EE5B1A14054C00C2F685 /* PortraitOnlyViewController.swift in Sources */ = {isa = PBXBuildFile; fileRef = AD88EE5A1A14054C00C2F685 /* PortraitOnlyViewController.swift */; };
		AD88EE5D1A14059600C2F685 /* LandscapeOnlyViewController.swift in Sources */ = {isa = PBXBuildFile; fileRef = AD88EE5C1A14059600C2F685 /* LandscapeOnlyViewController.swift */; };
		AD88EE5F1A1405D600C2F685 /* RotationFreeViewController.swift in Sources */ = {isa = PBXBuildFile; fileRef = AD88EE5E1A1405D600C2F685 /* RotationFreeViewController.swift */; };
/* End PBXBuildFile section */

/* Begin PBXFileReference section */
		AD88EE1E1A13FE0600C2F685 /* Swift Rotation Demo.app */ = {isa = PBXFileReference; explicitFileType = wrapper.application; includeInIndex = 0; path = "Swift Rotation Demo.app"; sourceTree = BUILT_PRODUCTS_DIR; };
		AD88EE221A13FE0600C2F685 /* Info.plist */ = {isa = PBXFileReference; lastKnownFileType = text.plist.xml; path = Info.plist; sourceTree = "<group>"; };
		AD88EE231A13FE0600C2F685 /* AppDelegate.swift */ = {isa = PBXFileReference; lastKnownFileType = sourcecode.swift; path = AppDelegate.swift; sourceTree = "<group>"; };
		AD88EE2A1A13FE0700C2F685 /* Images.xcassets */ = {isa = PBXFileReference; lastKnownFileType = folder.assetcatalog; path = Images.xcassets; sourceTree = "<group>"; };
		AD88EE441A13FE6200C2F685 /* ViewController.swift */ = {isa = PBXFileReference; fileEncoding = 4; lastKnownFileType = sourcecode.swift; path = ViewController.swift; sourceTree = "<group>"; };
		AD88EE471A13FE6200C2F685 /* Base */ = {isa = PBXFileReference; lastKnownFileType = file.xib; name = Base; path = Base.lproj/LaunchScreen.xib; sourceTree = "<group>"; };
		AD88EE491A13FE6200C2F685 /* Base */ = {isa = PBXFileReference; lastKnownFileType = file.storyboard; name = Base; path = Base.lproj/Main.storyboard; sourceTree = "<group>"; };
		AD88EE4E1A14003400C2F685 /* BaseViewController.swift */ = {isa = PBXFileReference; fileEncoding = 4; lastKnownFileType = sourcecode.swift; name = BaseViewController.swift; path = Base/BaseViewController.swift; sourceTree = "<group>"; };
		AD88EE521A1400A500C2F685 /* BaseNavigationController.swift */ = {isa = PBXFileReference; fileEncoding = 4; lastKnownFileType = sourcecode.swift; name = BaseNavigationController.swift; path = Base/BaseNavigationController.swift; sourceTree = "<group>"; };
		AD88EE561A14011700C2F685 /* UIDevice+Orientation.h */ = {isa = PBXFileReference; fileEncoding = 4; lastKnownFileType = sourcecode.c.h; name = "UIDevice+Orientation.h"; path = "Additions/UIDevice+Orientation.h"; sourceTree = "<group>"; };
		AD88EE571A14011700C2F685 /* UIDevice+Orientation.m */ = {isa = PBXFileReference; fileEncoding = 4; lastKnownFileType = sourcecode.c.objc; name = "UIDevice+Orientation.m"; path = "Additions/UIDevice+Orientation.m"; sourceTree = "<group>"; };
		AD88EE591A14013200C2F685 /* Swift Rotation Demo-Bridging-Header.h */ = {isa = PBXFileReference; lastKnownFileType = sourcecode.c.h; path = "Swift Rotation Demo-Bridging-Header.h"; sourceTree = "<group>"; };
		AD88EE5A1A14054C00C2F685 /* PortraitOnlyViewController.swift */ = {isa = PBXFileReference; fileEncoding = 4; lastKnownFileType = sourcecode.swift; path = PortraitOnlyViewController.swift; sourceTree = "<group>"; };
		AD88EE5C1A14059600C2F685 /* LandscapeOnlyViewController.swift */ = {isa = PBXFileReference; fileEncoding = 4; lastKnownFileType = sourcecode.swift; path = LandscapeOnlyViewController.swift; sourceTree = "<group>"; };
		AD88EE5E1A1405D600C2F685 /* RotationFreeViewController.swift */ = {isa = PBXFileReference; fileEncoding = 4; lastKnownFileType = sourcecode.swift; path = RotationFreeViewController.swift; sourceTree = "<group>"; };
/* End PBXFileReference section */

/* Begin PBXFrameworksBuildPhase section */
		AD88EE1B1A13FE0600C2F685 /* Frameworks */ = {
			isa = PBXFrameworksBuildPhase;
			buildActionMask = 2147483647;
			files = (
			);
			runOnlyForDeploymentPostprocessing = 0;
		};
/* End PBXFrameworksBuildPhase section */

/* Begin PBXGroup section */
		AD88EE151A13FE0600C2F685 = {
			isa = PBXGroup;
			children = (
				AD88EE201A13FE0600C2F685 /* Swift Rotation Demo */,
				AD88EE1F1A13FE0600C2F685 /* Products */,
			);
			sourceTree = "<group>";
		};
		AD88EE1F1A13FE0600C2F685 /* Products */ = {
			isa = PBXGroup;
			children = (
				AD88EE1E1A13FE0600C2F685 /* Swift Rotation Demo.app */,
			);
			name = Products;
			sourceTree = "<group>";
		};
		AD88EE201A13FE0600C2F685 /* Swift Rotation Demo */ = {
			isa = PBXGroup;
			children = (
				AD88EE431A13FE6200C2F685 /* Controllers */,
				AD88EE451A13FE6200C2F685 /* Views */,
				AD88EE231A13FE0600C2F685 /* AppDelegate.swift */,
				AD88EE591A14013200C2F685 /* Swift Rotation Demo-Bridging-Header.h */,
				AD88EE2A1A13FE0700C2F685 /* Images.xcassets */,
				AD88EE211A13FE0600C2F685 /* Supporting Files */,
			);
			path = "Swift Rotation Demo";
			sourceTree = "<group>";
		};
		AD88EE211A13FE0600C2F685 /* Supporting Files */ = {
			isa = PBXGroup;
			children = (
				AD88EE221A13FE0600C2F685 /* Info.plist */,
			);
			name = "Supporting Files";
			sourceTree = "<group>";
		};
		AD88EE431A13FE6200C2F685 /* Controllers */ = {
			isa = PBXGroup;
			children = (
				AD88EE541A1400D200C2F685 /* Additions */,
				AD88EE4D1A14001A00C2F685 /* Base */,
				AD88EE5C1A14059600C2F685 /* LandscapeOnlyViewController.swift */,
				AD88EE5A1A14054C00C2F685 /* PortraitOnlyViewController.swift */,
				AD88EE5E1A1405D600C2F685 /* RotationFreeViewController.swift */,
				AD88EE441A13FE6200C2F685 /* ViewController.swift */,
			);
			path = Controllers;
			sourceTree = "<group>";
		};
		AD88EE451A13FE6200C2F685 /* Views */ = {
			isa = PBXGroup;
			children = (
				AD88EE461A13FE6200C2F685 /* LaunchScreen.xib */,
				AD88EE481A13FE6200C2F685 /* Main.storyboard */,
			);
			path = Views;
			sourceTree = "<group>";
		};
		AD88EE4D1A14001A00C2F685 /* Base */ = {
			isa = PBXGroup;
			children = (
				AD88EE521A1400A500C2F685 /* BaseNavigationController.swift */,
				AD88EE4E1A14003400C2F685 /* BaseViewController.swift */,
			);
			name = Base;
			sourceTree = "<group>";
		};
		AD88EE541A1400D200C2F685 /* Additions */ = {
			isa = PBXGroup;
			children = (
				AD88EE561A14011700C2F685 /* UIDevice+Orientation.h */,
				AD88EE571A14011700C2F685 /* UIDevice+Orientation.m */,
			);
			name = Additions;
			sourceTree = "<group>";
		};
/* End PBXGroup section */

/* Begin PBXNativeTarget section */
		AD88EE1D1A13FE0600C2F685 /* Swift Rotation Demo */ = {
			isa = PBXNativeTarget;
			buildConfigurationList = AD88EE3D1A13FE0700C2F685 /* Build configuration list for PBXNativeTarget "Swift Rotation Demo" */;
			buildPhases = (
				AD88EE1A1A13FE0600C2F685 /* Sources */,
				AD88EE1B1A13FE0600C2F685 /* Frameworks */,
				AD88EE1C1A13FE0600C2F685 /* Resources */,
			);
			buildRules = (
			);
			dependencies = (
			);
			name = "Swift Rotation Demo";
			productName = "Swift Rotation Demo";
			productReference = AD88EE1E1A13FE0600C2F685 /* Swift Rotation Demo.app */;
			productType = "com.apple.product-type.application";
		};
/* End PBXNativeTarget section */

/* Begin PBXProject section */
		AD88EE161A13FE0600C2F685 /* Project object */ = {
			isa = PBXProject;
			attributes = {
				LastUpgradeCheck = 0610;
				ORGANIZATIONNAME = "Vinícius Uzêda";
				TargetAttributes = {
					AD88EE1D1A13FE0600C2F685 = {
						CreatedOnToolsVersion = 6.1;
					};
				};
			};
			buildConfigurationList = AD88EE191A13FE0600C2F685 /* Build configuration list for PBXProject "Swift Rotation Demo" */;
			compatibilityVersion = "Xcode 3.2";
			developmentRegion = English;
			hasScannedForEncodings = 0;
			knownRegions = (
				en,
				Base,
			);
			mainGroup = AD88EE151A13FE0600C2F685;
			productRefGroup = AD88EE1F1A13FE0600C2F685 /* Products */;
			projectDirPath = "";
			projectRoot = "";
			targets = (
				AD88EE1D1A13FE0600C2F685 /* Swift Rotation Demo */,
			);
		};
/* End PBXProject section */

/* Begin PBXResourcesBuildPhase section */
		AD88EE1C1A13FE0600C2F685 /* Resources */ = {
			isa = PBXResourcesBuildPhase;
			buildActionMask = 2147483647;
			files = (
				AD88EE4C1A13FE6200C2F685 /* Main.storyboard in Resources */,
				AD88EE4B1A13FE6200C2F685 /* LaunchScreen.xib in Resources */,
				AD88EE2B1A13FE0700C2F685 /* Images.xcassets in Resources */,
			);
			runOnlyForDeploymentPostprocessing = 0;
		};
/* End PBXResourcesBuildPhase section */

/* Begin PBXSourcesBuildPhase section */
		AD88EE1A1A13FE0600C2F685 /* Sources */ = {
			isa = PBXSourcesBuildPhase;
			buildActionMask = 2147483647;
			files = (
				AD88EE5F1A1405D600C2F685 /* RotationFreeViewController.swift in Sources */,
				AD88EE5D1A14059600C2F685 /* LandscapeOnlyViewController.swift in Sources */,
				AD88EE5B1A14054C00C2F685 /* PortraitOnlyViewController.swift in Sources */,
				AD88EE531A1400A500C2F685 /* BaseNavigationController.swift in Sources */,
				AD88EE4A1A13FE6200C2F685 /* ViewController.swift in Sources */,
				AD88EE241A13FE0600C2F685 /* AppDelegate.swift in Sources */,
				AD88EE581A14011700C2F685 /* UIDevice+Orientation.m in Sources */,
				AD88EE4F1A14003400C2F685 /* BaseViewController.swift in Sources */,
			);
			runOnlyForDeploymentPostprocessing = 0;
		};
/* End PBXSourcesBuildPhase section */

/* Begin PBXVariantGroup section */
		AD88EE461A13FE6200C2F685 /* LaunchScreen.xib */ = {
			isa = PBXVariantGroup;
			children = (
				AD88EE471A13FE6200C2F685 /* Base */,
			);
			name = LaunchScreen.xib;
			sourceTree = "<group>";
		};
		AD88EE481A13FE6200C2F685 /* Main.storyboard */ = {
			isa = PBXVariantGroup;
			children = (
				AD88EE491A13FE6200C2F685 /* Base */,
			);
			name = Main.storyboard;
			sourceTree = "<group>";
		};
/* End PBXVariantGroup section */

/* Begin XCBuildConfiguration section */
		AD88EE3B1A13FE0700C2F685 /* Debug */ = {
			isa = XCBuildConfiguration;
			buildSettings = {
				ALWAYS_SEARCH_USER_PATHS = NO;
				CLANG_CXX_LANGUAGE_STANDARD = "gnu++0x";
				CLANG_CXX_LIBRARY = "libc++";
				CLANG_ENABLE_MODULES = YES;
				CLANG_ENABLE_OBJC_ARC = YES;
				CLANG_WARN_BOOL_CONVERSION = YES;
				CLANG_WARN_CONSTANT_CONVERSION = YES;
				CLANG_WARN_DIRECT_OBJC_ISA_USAGE = YES_ERROR;
				CLANG_WARN_EMPTY_BODY = YES;
				CLANG_WARN_ENUM_CONVERSION = YES;
				CLANG_WARN_INT_CONVERSION = YES;
				CLANG_WARN_OBJC_ROOT_CLASS = YES_ERROR;
				CLANG_WARN_UNREACHABLE_CODE = YES;
				CLANG_WARN__DUPLICATE_METHOD_MATCH = YES;
				"CODE_SIGN_IDENTITY[sdk=iphoneos*]" = "iPhone Developer";
				COPY_PHASE_STRIP = NO;
				ENABLE_STRICT_OBJC_MSGSEND = YES;
				GCC_C_LANGUAGE_STANDARD = gnu99;
				GCC_DYNAMIC_NO_PIC = NO;
				GCC_OPTIMIZATION_LEVEL = 0;
				GCC_PREPROCESSOR_DEFINITIONS = (
					"DEBUG=1",
					"$(inherited)",
				);
				GCC_SYMBOLS_PRIVATE_EXTERN = NO;
				GCC_WARN_64_TO_32_BIT_CONVERSION = YES;
				GCC_WARN_ABOUT_RETURN_TYPE = YES_ERROR;
				GCC_WARN_UNDECLARED_SELECTOR = YES;
				GCC_WARN_UNINITIALIZED_AUTOS = YES_AGGRESSIVE;
				GCC_WARN_UNUSED_FUNCTION = YES;
				GCC_WARN_UNUSED_VARIABLE = YES;
				IPHONEOS_DEPLOYMENT_TARGET = 8.1;
				MTL_ENABLE_DEBUG_INFO = YES;
				ONLY_ACTIVE_ARCH = YES;
				SDKROOT = iphoneos;
				SWIFT_OPTIMIZATION_LEVEL = "-Onone";
			};
			name = Debug;
		};
		AD88EE3C1A13FE0700C2F685 /* Release */ = {
			isa = XCBuildConfiguration;
			buildSettings = {
				ALWAYS_SEARCH_USER_PATHS = NO;
				CLANG_CXX_LANGUAGE_STANDARD = "gnu++0x";
				CLANG_CXX_LIBRARY = "libc++";
				CLANG_ENABLE_MODULES = YES;
				CLANG_ENABLE_OBJC_ARC = YES;
				CLANG_WARN_BOOL_CONVERSION = YES;
				CLANG_WARN_CONSTANT_CONVERSION = YES;
				CLANG_WARN_DIRECT_OBJC_ISA_USAGE = YES_ERROR;
				CLANG_WARN_EMPTY_BODY = YES;
				CLANG_WARN_ENUM_CONVERSION = YES;
				CLANG_WARN_INT_CONVERSION = YES;
				CLANG_WARN_OBJC_ROOT_CLASS = YES_ERROR;
				CLANG_WARN_UNREACHABLE_CODE = YES;
				CLANG_WARN__DUPLICATE_METHOD_MATCH = YES;
				"CODE_SIGN_IDENTITY[sdk=iphoneos*]" = "iPhone Developer";
				COPY_PHASE_STRIP = YES;
				ENABLE_NS_ASSERTIONS = NO;
				ENABLE_STRICT_OBJC_MSGSEND = YES;
				GCC_C_LANGUAGE_STANDARD = gnu99;
				GCC_WARN_64_TO_32_BIT_CONVERSION = YES;
				GCC_WARN_ABOUT_RETURN_TYPE = YES_ERROR;
				GCC_WARN_UNDECLARED_SELECTOR = YES;
				GCC_WARN_UNINITIALIZED_AUTOS = YES_AGGRESSIVE;
				GCC_WARN_UNUSED_FUNCTION = YES;
				GCC_WARN_UNUSED_VARIABLE = YES;
				IPHONEOS_DEPLOYMENT_TARGET = 8.1;
				MTL_ENABLE_DEBUG_INFO = NO;
				SDKROOT = iphoneos;
				VALIDATE_PRODUCT = YES;
			};
			name = Release;
		};
		AD88EE3E1A13FE0700C2F685 /* Debug */ = {
			isa = XCBuildConfiguration;
			buildSettings = {
				ASSETCATALOG_COMPILER_APPICON_NAME = AppIcon;
				CLANG_ENABLE_MODULES = YES;
				INFOPLIST_FILE = "Swift Rotation Demo/Info.plist";
				LD_RUNPATH_SEARCH_PATHS = "$(inherited) @executable_path/Frameworks";
				PRODUCT_NAME = "$(TARGET_NAME)";
				SWIFT_OBJC_BRIDGING_HEADER = "Swift Rotation Demo/Swift Rotation Demo-Bridging-Header.h";
				SWIFT_OPTIMIZATION_LEVEL = "-Onone";
			};
			name = Debug;
		};
		AD88EE3F1A13FE0700C2F685 /* Release */ = {
			isa = XCBuildConfiguration;
			buildSettings = {
				ASSETCATALOG_COMPILER_APPICON_NAME = AppIcon;
				CLANG_ENABLE_MODULES = YES;
				INFOPLIST_FILE = "Swift Rotation Demo/Info.plist";
				LD_RUNPATH_SEARCH_PATHS = "$(inherited) @executable_path/Frameworks";
				PRODUCT_NAME = "$(TARGET_NAME)";
				SWIFT_OBJC_BRIDGING_HEADER = "Swift Rotation Demo/Swift Rotation Demo-Bridging-Header.h";
			};
			name = Release;
		};
/* End XCBuildConfiguration section */

/* Begin XCConfigurationList section */
		AD88EE191A13FE0600C2F685 /* Build configuration list for PBXProject "Swift Rotation Demo" */ = {
			isa = XCConfigurationList;
			buildConfigurations = (
				AD88EE3B1A13FE0700C2F685 /* Debug */,
				AD88EE3C1A13FE0700C2F685 /* Release */,
			);
			defaultConfigurationIsVisible = 0;
			defaultConfigurationName = Release;
		};
		AD88EE3D1A13FE0700C2F685 /* Build configuration list for PBXNativeTarget "Swift Rotation Demo" */ = {
			isa = XCConfigurationList;
			buildConfigurations = (
				AD88EE3E1A13FE0700C2F685 /* Debug */,
				AD88EE3F1A13FE0700C2F685 /* Release */,
			);
			defaultConfigurationIsVisible = 0;
		};
/* End XCConfigurationList section */
	};
	rootObject = AD88EE161A13FE0600C2F685 /* Project object */;
}
